
Microsoft Visual Studio Solution File, Format Version 12.00
# Visual Studio Version 16
VisualStudioVersion = 16.0.31025.194
MinimumVisualStudioVersion = 10.0.40219.1
Project("{FAE04EC0-301F-11D3-BF4B-00C04F79EFBC}") = "entity-framework-example", "entity-framework-example\entity-framework-example.csproj", "{F1446093-024F-44F2-8900-CD77A520AEFF}"
EndProject
Global
	GlobalSection(SolutionConfigurationPlatforms) = preSolution
		Debug|Any CPU = Debug|Any CPU
		Release|Any CPU = Release|Any CPU
	EndGlobalSection
	GlobalSection(ProjectConfigurationPlatforms) = postSolution
		{F1446093-024F-44F2-8900-CD77A520AEFF}.Debug|Any CPU.ActiveCfg = Debug|Any CPU
		{F1446093-024F-44F2-8900-CD77A520AEFF}.Debug|Any CPU.Build.0 = Debug|Any CPU
		{F1446093-024F-44F2-8900-CD77A520AEFF}.Release|Any CPU.ActiveCfg = Release|Any CPU
		{F1446093-024F-44F2-8900-CD77A520AEFF}.Release|Any CPU.Build.0 = Release|Any CPU
	EndGlobalSection
	GlobalSection(SolutionProperties) = preSolution
		HideSolutionNode = FALSE
	EndGlobalSection
	GlobalSection(ExtensibilityGlobals) = postSolution
		SolutionGuid = {A149A947-E03A-46C7-8E97-8DA324BF928D}
	EndGlobalSection
EndGlobal
